
Microsoft Visual Studio Solution File, Format Version 12.00
# Visual Studio Version 17
VisualStudioVersion = 17.0.31903.59
MinimumVisualStudioVersion = 10.0.40219.1
Project("{FAE04EC0-301F-11D3-BF4B-00C04F79EFBC}") = "tutorial", "tutorial\tutorial.csproj", "{DEFE279C-59F0-41EC-8ECB-0652B06A748B}"
EndProject
Project("{FAE04EC0-301F-11D3-BF4B-00C04F79EFBC}") = "MonoGameLibrary", "MonoGameLibrary\MonoGameLibrary.csproj", "{CD288593-4F7D-45DE-A0E9-287A164A055C}"
EndProject
Global
	GlobalSection(SolutionConfigurationPlatforms) = preSolution
		Debug|Any CPU = Debug|Any CPU
		Debug|x64 = Debug|x64
		Debug|x86 = Debug|x86
		Release|Any CPU = Release|Any CPU
		Release|x64 = Release|x64
		Release|x86 = Release|x86
	EndGlobalSection
	GlobalSection(ProjectConfigurationPlatforms) = postSolution
		{DEFE279C-59F0-41EC-8ECB-0652B06A748B}.Debug|Any CPU.ActiveCfg = Debug|Any CPU
		{DEFE279C-59F0-41EC-8ECB-0652B06A748B}.Debug|Any CPU.Build.0 = Debug|Any CPU
		{DEFE279C-59F0-41EC-8ECB-0652B06A748B}.Debug|x64.ActiveCfg = Debug|Any CPU
		{DEFE279C-59F0-41EC-8ECB-0652B06A748B}.Debug|x64.Build.0 = Debug|Any CPU
		{DEFE279C-59F0-41EC-8ECB-0652B06A748B}.Debug|x86.ActiveCfg = Debug|Any CPU
		{DEFE279C-59F0-41EC-8ECB-0652B06A748B}.Debug|x86.Build.0 = Debug|Any CPU
		{DEFE279C-59F0-41EC-8ECB-0652B06A748B}.Release|Any CPU.ActiveCfg = Release|Any CPU
		{DEFE279C-59F0-41EC-8ECB-0652B06A748B}.Release|Any CPU.Build.0 = Release|Any CPU
		{DEFE279C-59F0-41EC-8ECB-0652B06A748B}.Release|x64.ActiveCfg = Release|Any CPU
		{DEFE279C-59F0-41EC-8ECB-0652B06A748B}.Release|x64.Build.0 = Release|Any CPU
		{DEFE279C-59F0-41EC-8ECB-0652B06A748B}.Release|x86.ActiveCfg = Release|Any CPU
		{DEFE279C-59F0-41EC-8ECB-0652B06A748B}.Release|x86.Build.0 = Release|Any CPU
		{CD288593-4F7D-45DE-A0E9-287A164A055C}.Debug|Any CPU.ActiveCfg = Debug|Any CPU
		{CD288593-4F7D-45DE-A0E9-287A164A055C}.Debug|Any CPU.Build.0 = Debug|Any CPU
		{CD288593-4F7D-45DE-A0E9-287A164A055C}.Debug|x64.ActiveCfg = Debug|Any CPU
		{CD288593-4F7D-45DE-A0E9-287A164A055C}.Debug|x64.Build.0 = Debug|Any CPU
		{CD288593-4F7D-45DE-A0E9-287A164A055C}.Debug|x86.ActiveCfg = Debug|Any CPU
		{CD288593-4F7D-45DE-A0E9-287A164A055C}.Debug|x86.Build.0 = Debug|Any CPU
		{CD288593-4F7D-45DE-A0E9-287A164A055C}.Release|Any CPU.ActiveCfg = Release|Any CPU
		{CD288593-4F7D-45DE-A0E9-287A164A055C}.Release|Any CPU.Build.0 = Release|Any CPU
		{CD288593-4F7D-45DE-A0E9-287A164A055C}.Release|x64.ActiveCfg = Release|Any CPU
		{CD288593-4F7D-45DE-A0E9-287A164A055C}.Release|x64.Build.0 = Release|Any CPU
		{CD288593-4F7D-45DE-A0E9-287A164A055C}.Release|x86.ActiveCfg = Release|Any CPU
		{CD288593-4F7D-45DE-A0E9-287A164A055C}.Release|x86.Build.0 = Release|Any CPU
	EndGlobalSection
	GlobalSection(SolutionProperties) = preSolution
		HideSolutionNode = FALSE
	EndGlobalSection
EndGlobal
